// !$*UTF8*$!
{
	archiveVersion = 1;
	classes = {
	};
	objectVersion = 56;
	objects = {

/* Begin PBXBuildFile section */
		D906362829D1B8B600FAFE6B /* MVVMApp.swift in Sources */ = {isa = PBXBuildFile; fileRef = D906362729D1B8B600FAFE6B /* MVVMApp.swift */; };
		D906362A29D1B8B600FAFE6B /* ContentView.swift in Sources */ = {isa = PBXBuildFile; fileRef = D906362929D1B8B600FAFE6B /* ContentView.swift */; };
		D906362C29D1B8B800FAFE6B /* Assets.xcassets in Resources */ = {isa = PBXBuildFile; fileRef = D906362B29D1B8B800FAFE6B /* Assets.xcassets */; };
		D906362F29D1B8B800FAFE6B /* Preview Assets.xcassets in Resources */ = {isa = PBXBuildFile; fileRef = D906362E29D1B8B800FAFE6B /* Preview Assets.xcassets */; };
		D906363929D1B8B800FAFE6B /* MVVMTests.swift in Sources */ = {isa = PBXBuildFile; fileRef = D906363829D1B8B800FAFE6B /* MVVMTests.swift */; };
		D906364329D1B8B800FAFE6B /* MVVMUITests.swift in Sources */ = {isa = PBXBuildFile; fileRef = D906364229D1B8B800FAFE6B /* MVVMUITests.swift */; };
		D906364529D1B8B800FAFE6B /* MVVMUITestsLaunchTests.swift in Sources */ = {isa = PBXBuildFile; fileRef = D906364429D1B8B800FAFE6B /* MVVMUITestsLaunchTests.swift */; };
		D906365529D1BB9600FAFE6B /* HomeView.swift in Sources */ = {isa = PBXBuildFile; fileRef = D906365429D1BB9600FAFE6B /* HomeView.swift */; };
		D906365729D1BBA500FAFE6B /* DetailView.swift in Sources */ = {isa = PBXBuildFile; fileRef = D906365629D1BBA500FAFE6B /* DetailView.swift */; };
		D906365929D1BBC400FAFE6B /* Weather.swift in Sources */ = {isa = PBXBuildFile; fileRef = D906365829D1BBC400FAFE6B /* Weather.swift */; };
		D906365B29D1BBD500FAFE6B /* WeatherViewModel.swift in Sources */ = {isa = PBXBuildFile; fileRef = D906365A29D1BBD500FAFE6B /* WeatherViewModel.swift */; };
		D906365D29D2DCE400FAFE6B /* ParsingViewModel.swift in Sources */ = {isa = PBXBuildFile; fileRef = D906365C29D2DCE400FAFE6B /* ParsingViewModel.swift */; };
		D906365F29D2E30100FAFE6B /* Wikipedia.swift in Sources */ = {isa = PBXBuildFile; fileRef = D906365E29D2E30100FAFE6B /* Wikipedia.swift */; };
		D906366329D2EE1F00FAFE6B /* WikipediaView.swift in Sources */ = {isa = PBXBuildFile; fileRef = D906366229D2EE1F00FAFE6B /* WikipediaView.swift */; };
		D906366A29D4698100FAFE6B /* WikipediaDetailView.swift in Sources */ = {isa = PBXBuildFile; fileRef = D906366929D4698000FAFE6B /* WikipediaDetailView.swift */; };
/* End PBXBuildFile section */

/* Begin PBXContainerItemProxy section */
		D906363529D1B8B800FAFE6B /* PBXContainerItemProxy */ = {
			isa = PBXContainerItemProxy;
			containerPortal = D906361C29D1B8B600FAFE6B /* Project object */;
			proxyType = 1;
			remoteGlobalIDString = D906362329D1B8B600FAFE6B;
			remoteInfo = MVVM;
		};
		D906363F29D1B8B800FAFE6B /* PBXContainerItemProxy */ = {
			isa = PBXContainerItemProxy;
			containerPortal = D906361C29D1B8B600FAFE6B /* Project object */;
			proxyType = 1;
			remoteGlobalIDString = D906362329D1B8B600FAFE6B;
			remoteInfo = MVVM;
		};
/* End PBXContainerItemProxy section */

/* Begin PBXFileReference section */
		D906362429D1B8B600FAFE6B /* MVVM.app */ = {isa = PBXFileReference; explicitFileType = wrapper.application; includeInIndex = 0; path = MVVM.app; sourceTree = BUILT_PRODUCTS_DIR; };
		D906362729D1B8B600FAFE6B /* MVVMApp.swift */ = {isa = PBXFileReference; lastKnownFileType = sourcecode.swift; path = MVVMApp.swift; sourceTree = "<group>"; };
		D906362929D1B8B600FAFE6B /* ContentView.swift */ = {isa = PBXFileReference; lastKnownFileType = sourcecode.swift; path = ContentView.swift; sourceTree = "<group>"; };
		D906362B29D1B8B800FAFE6B /* Assets.xcassets */ = {isa = PBXFileReference; lastKnownFileType = folder.assetcatalog; path = Assets.xcassets; sourceTree = "<group>"; };
		D906362E29D1B8B800FAFE6B /* Preview Assets.xcassets */ = {isa = PBXFileReference; lastKnownFileType = folder.assetcatalog; path = "Preview Assets.xcassets"; sourceTree = "<group>"; };
		D906363429D1B8B800FAFE6B /* MVVMTests.xctest */ = {isa = PBXFileReference; explicitFileType = wrapper.cfbundle; includeInIndex = 0; path = MVVMTests.xctest; sourceTree = BUILT_PRODUCTS_DIR; };
		D906363829D1B8B800FAFE6B /* MVVMTests.swift */ = {isa = PBXFileReference; lastKnownFileType = sourcecode.swift; path = MVVMTests.swift; sourceTree = "<group>"; };
		D906363E29D1B8B800FAFE6B /* MVVMUITests.xctest */ = {isa = PBXFileReference; explicitFileType = wrapper.cfbundle; includeInIndex = 0; path = MVVMUITests.xctest; sourceTree = BUILT_PRODUCTS_DIR; };
		D906364229D1B8B800FAFE6B /* MVVMUITests.swift */ = {isa = PBXFileReference; lastKnownFileType = sourcecode.swift; path = MVVMUITests.swift; sourceTree = "<group>"; };
		D906364429D1B8B800FAFE6B /* MVVMUITestsLaunchTests.swift */ = {isa = PBXFileReference; lastKnownFileType = sourcecode.swift; path = MVVMUITestsLaunchTests.swift; sourceTree = "<group>"; };
		D906365429D1BB9600FAFE6B /* HomeView.swift */ = {isa = PBXFileReference; lastKnownFileType = sourcecode.swift; path = HomeView.swift; sourceTree = "<group>"; };
		D906365629D1BBA500FAFE6B /* DetailView.swift */ = {isa = PBXFileReference; lastKnownFileType = sourcecode.swift; path = DetailView.swift; sourceTree = "<group>"; };
		D906365829D1BBC400FAFE6B /* Weather.swift */ = {isa = PBXFileReference; lastKnownFileType = sourcecode.swift; path = Weather.swift; sourceTree = "<group>"; };
		D906365A29D1BBD500FAFE6B /* WeatherViewModel.swift */ = {isa = PBXFileReference; lastKnownFileType = sourcecode.swift; path = WeatherViewModel.swift; sourceTree = "<group>"; };
		D906365C29D2DCE400FAFE6B /* ParsingViewModel.swift */ = {isa = PBXFileReference; lastKnownFileType = sourcecode.swift; path = ParsingViewModel.swift; sourceTree = "<group>"; };
		D906365E29D2E30100FAFE6B /* Wikipedia.swift */ = {isa = PBXFileReference; lastKnownFileType = sourcecode.swift; path = Wikipedia.swift; sourceTree = "<group>"; };
		D906366229D2EE1F00FAFE6B /* WikipediaView.swift */ = {isa = PBXFileReference; lastKnownFileType = sourcecode.swift; path = WikipediaView.swift; sourceTree = "<group>"; };
		D906366929D4698000FAFE6B /* WikipediaDetailView.swift */ = {isa = PBXFileReference; lastKnownFileType = sourcecode.swift; path = WikipediaDetailView.swift; sourceTree = "<group>"; };
/* End PBXFileReference section */

/* Begin PBXFrameworksBuildPhase section */
		D906362129D1B8B600FAFE6B /* Frameworks */ = {
			isa = PBXFrameworksBuildPhase;
			buildActionMask = 2147483647;
			files = (
			);
			runOnlyForDeploymentPostprocessing = 0;
		};
		D906363129D1B8B800FAFE6B /* Frameworks */ = {
			isa = PBXFrameworksBuildPhase;
			buildActionMask = 2147483647;
			files = (
			);
			runOnlyForDeploymentPostprocessing = 0;
		};
		D906363B29D1B8B800FAFE6B /* Frameworks */ = {
			isa = PBXFrameworksBuildPhase;
			buildActionMask = 2147483647;
			files = (
			);
			runOnlyForDeploymentPostprocessing = 0;
		};
/* End PBXFrameworksBuildPhase section */

/* Begin PBXGroup section */
		D906361B29D1B8B600FAFE6B = {
			isa = PBXGroup;
			children = (
				D906362629D1B8B600FAFE6B /* MVVM */,
				D906363729D1B8B800FAFE6B /* MVVMTests */,
				D906364129D1B8B800FAFE6B /* MVVMUITests */,
				D906362529D1B8B600FAFE6B /* Products */,
			);
			sourceTree = "<group>";
		};
		D906362529D1B8B600FAFE6B /* Products */ = {
			isa = PBXGroup;
			children = (
				D906362429D1B8B600FAFE6B /* MVVM.app */,
				D906363429D1B8B800FAFE6B /* MVVMTests.xctest */,
				D906363E29D1B8B800FAFE6B /* MVVMUITests.xctest */,
			);
			name = Products;
			sourceTree = "<group>";
		};
		D906362629D1B8B600FAFE6B /* MVVM */ = {
			isa = PBXGroup;
			children = (
				D906362729D1B8B600FAFE6B /* MVVMApp.swift */,
				D906362929D1B8B600FAFE6B /* ContentView.swift */,
				D906366429D2F12D00FAFE6B /* Weather */,
				D906366829D2F16C00FAFE6B /* Wikipedia */,
				D906362B29D1B8B800FAFE6B /* Assets.xcassets */,
				D906362D29D1B8B800FAFE6B /* Preview Content */,
			);
			path = MVVM;
			sourceTree = "<group>";
		};
		D906362D29D1B8B800FAFE6B /* Preview Content */ = {
			isa = PBXGroup;
			children = (
				D906362E29D1B8B800FAFE6B /* Preview Assets.xcassets */,
			);
			path = "Preview Content";
			sourceTree = "<group>";
		};
		D906363729D1B8B800FAFE6B /* MVVMTests */ = {
			isa = PBXGroup;
			children = (
				D906363829D1B8B800FAFE6B /* MVVMTests.swift */,
			);
			path = MVVMTests;
			sourceTree = "<group>";
		};
		D906364129D1B8B800FAFE6B /* MVVMUITests */ = {
			isa = PBXGroup;
			children = (
				D906364229D1B8B800FAFE6B /* MVVMUITests.swift */,
				D906364429D1B8B800FAFE6B /* MVVMUITestsLaunchTests.swift */,
			);
			path = MVVMUITests;
			sourceTree = "<group>";
		};
		D906365129D1B8C500FAFE6B /* Model */ = {
			isa = PBXGroup;
			children = (
				D906365E29D2E30100FAFE6B /* Wikipedia.swift */,
			);
			path = Model;
			sourceTree = "<group>";
		};
		D906365229D1B8CA00FAFE6B /* View */ = {
			isa = PBXGroup;
			children = (
				D906366229D2EE1F00FAFE6B /* WikipediaView.swift */,
				D906366929D4698000FAFE6B /* WikipediaDetailView.swift */,
			);
			path = View;
			sourceTree = "<group>";
		};
		D906365329D1B8D100FAFE6B /* View Model */ = {
			isa = PBXGroup;
			children = (
				D906365C29D2DCE400FAFE6B /* ParsingViewModel.swift */,
			);
			path = "View Model";
			sourceTree = "<group>";
		};
		D906366429D2F12D00FAFE6B /* Weather */ = {
			isa = PBXGroup;
			children = (
				D906366529D2F14100FAFE6B /* Model */,
				D906366629D2F14D00FAFE6B /* View */,
				D906366729D2F15900FAFE6B /* ViewModel */,
			);
			path = Weather;
			sourceTree = "<group>";
		};
		D906366529D2F14100FAFE6B /* Model */ = {
			isa = PBXGroup;
			children = (
				D906365829D1BBC400FAFE6B /* Weather.swift */,
			);
			path = Model;
			sourceTree = "<group>";
		};
		D906366629D2F14D00FAFE6B /* View */ = {
			isa = PBXGroup;
			children = (
				D906365429D1BB9600FAFE6B /* HomeView.swift */,
				D906365629D1BBA500FAFE6B /* DetailView.swift */,
			);
			path = View;
			sourceTree = "<group>";
		};
		D906366729D2F15900FAFE6B /* ViewModel */ = {
			isa = PBXGroup;
			children = (
				D906365A29D1BBD500FAFE6B /* WeatherViewModel.swift */,
			);
			path = ViewModel;
			sourceTree = "<group>";
		};
		D906366829D2F16C00FAFE6B /* Wikipedia */ = {
			isa = PBXGroup;
			children = (
				D906365129D1B8C500FAFE6B /* Model */,
				D906365229D1B8CA00FAFE6B /* View */,
				D906365329D1B8D100FAFE6B /* View Model */,
			);
			path = Wikipedia;
			sourceTree = "<group>";
		};
/* End PBXGroup section */

/* Begin PBXNativeTarget section */
		D906362329D1B8B600FAFE6B /* MVVM */ = {
			isa = PBXNativeTarget;
			buildConfigurationList = D906364829D1B8B800FAFE6B /* Build configuration list for PBXNativeTarget "MVVM" */;
			buildPhases = (
				D906362029D1B8B600FAFE6B /* Sources */,
				D906362129D1B8B600FAFE6B /* Frameworks */,
				D906362229D1B8B600FAFE6B /* Resources */,
			);
			buildRules = (
			);
			dependencies = (
			);
			name = MVVM;
			productName = MVVM;
			productReference = D906362429D1B8B600FAFE6B /* MVVM.app */;
			productType = "com.apple.product-type.application";
		};
		D906363329D1B8B800FAFE6B /* MVVMTests */ = {
			isa = PBXNativeTarget;
			buildConfigurationList = D906364B29D1B8B800FAFE6B /* Build configuration list for PBXNativeTarget "MVVMTests" */;
			buildPhases = (
				D906363029D1B8B800FAFE6B /* Sources */,
				D906363129D1B8B800FAFE6B /* Frameworks */,
				D906363229D1B8B800FAFE6B /* Resources */,
			);
			buildRules = (
			);
			dependencies = (
				D906363629D1B8B800FAFE6B /* PBXTargetDependency */,
			);
			name = MVVMTests;
			productName = MVVMTests;
			productReference = D906363429D1B8B800FAFE6B /* MVVMTests.xctest */;
			productType = "com.apple.product-type.bundle.unit-test";
		};
		D906363D29D1B8B800FAFE6B /* MVVMUITests */ = {
			isa = PBXNativeTarget;
			buildConfigurationList = D906364E29D1B8B800FAFE6B /* Build configuration list for PBXNativeTarget "MVVMUITests" */;
			buildPhases = (
				D906363A29D1B8B800FAFE6B /* Sources */,
				D906363B29D1B8B800FAFE6B /* Frameworks */,
				D906363C29D1B8B800FAFE6B /* Resources */,
			);
			buildRules = (
			);
			dependencies = (
				D906364029D1B8B800FAFE6B /* PBXTargetDependency */,
			);
			name = MVVMUITests;
			productName = MVVMUITests;
			productReference = D906363E29D1B8B800FAFE6B /* MVVMUITests.xctest */;
			productType = "com.apple.product-type.bundle.ui-testing";
		};
/* End PBXNativeTarget section */

/* Begin PBXProject section */
		D906361C29D1B8B600FAFE6B /* Project object */ = {
			isa = PBXProject;
			attributes = {
				BuildIndependentTargetsInParallel = 1;
				LastSwiftUpdateCheck = 1420;
				LastUpgradeCheck = 1420;
				TargetAttributes = {
					D906362329D1B8B600FAFE6B = {
						CreatedOnToolsVersion = 14.2;
					};
					D906363329D1B8B800FAFE6B = {
						CreatedOnToolsVersion = 14.2;
						TestTargetID = D906362329D1B8B600FAFE6B;
					};
					D906363D29D1B8B800FAFE6B = {
						CreatedOnToolsVersion = 14.2;
						TestTargetID = D906362329D1B8B600FAFE6B;
					};
				};
			};
			buildConfigurationList = D906361F29D1B8B600FAFE6B /* Build configuration list for PBXProject "MVVM" */;
			compatibilityVersion = "Xcode 14.0";
			developmentRegion = en;
			hasScannedForEncodings = 0;
			knownRegions = (
				en,
				Base,
			);
			mainGroup = D906361B29D1B8B600FAFE6B;
			productRefGroup = D906362529D1B8B600FAFE6B /* Products */;
			projectDirPath = "";
			projectRoot = "";
			targets = (
				D906362329D1B8B600FAFE6B /* MVVM */,
				D906363329D1B8B800FAFE6B /* MVVMTests */,
				D906363D29D1B8B800FAFE6B /* MVVMUITests */,
			);
		};
/* End PBXProject section */

/* Begin PBXResourcesBuildPhase section */
		D906362229D1B8B600FAFE6B /* Resources */ = {
			isa = PBXResourcesBuildPhase;
			buildActionMask = 2147483647;
			files = (
				D906362F29D1B8B800FAFE6B /* Preview Assets.xcassets in Resources */,
				D906362C29D1B8B800FAFE6B /* Assets.xcassets in Resources */,
			);
			runOnlyForDeploymentPostprocessing = 0;
		};
		D906363229D1B8B800FAFE6B /* Resources */ = {
			isa = PBXResourcesBuildPhase;
			buildActionMask = 2147483647;
			files = (
			);
			runOnlyForDeploymentPostprocessing = 0;
		};
		D906363C29D1B8B800FAFE6B /* Resources */ = {
			isa = PBXResourcesBuildPhase;
			buildActionMask = 2147483647;
			files = (
			);
			runOnlyForDeploymentPostprocessing = 0;
		};
/* End PBXResourcesBuildPhase section */

/* Begin PBXSourcesBuildPhase section */
		D906362029D1B8B600FAFE6B /* Sources */ = {
			isa = PBXSourcesBuildPhase;
			buildActionMask = 2147483647;
			files = (
				D906362A29D1B8B600FAFE6B /* ContentView.swift in Sources */,
				D906365F29D2E30100FAFE6B /* Wikipedia.swift in Sources */,
				D906366329D2EE1F00FAFE6B /* WikipediaView.swift in Sources */,
				D906365D29D2DCE400FAFE6B /* ParsingViewModel.swift in Sources */,
				D906365729D1BBA500FAFE6B /* DetailView.swift in Sources */,
				D906365529D1BB9600FAFE6B /* HomeView.swift in Sources */,
				D906365B29D1BBD500FAFE6B /* WeatherViewModel.swift in Sources */,
				D906366A29D4698100FAFE6B /* WikipediaDetailView.swift in Sources */,
				D906362829D1B8B600FAFE6B /* MVVMApp.swift in Sources */,
				D906365929D1BBC400FAFE6B /* Weather.swift in Sources */,
			);
			runOnlyForDeploymentPostprocessing = 0;
		};
		D906363029D1B8B800FAFE6B /* Sources */ = {
			isa = PBXSourcesBuildPhase;
			buildActionMask = 2147483647;
			files = (
				D906363929D1B8B800FAFE6B /* MVVMTests.swift in Sources */,
			);
			runOnlyForDeploymentPostprocessing = 0;
		};
		D906363A29D1B8B800FAFE6B /* Sources */ = {
			isa = PBXSourcesBuildPhase;
			buildActionMask = 2147483647;
			files = (
				D906364529D1B8B800FAFE6B /* MVVMUITestsLaunchTests.swift in Sources */,
				D906364329D1B8B800FAFE6B /* MVVMUITests.swift in Sources */,
			);
			runOnlyForDeploymentPostprocessing = 0;
		};
/* End PBXSourcesBuildPhase section */

/* Begin PBXTargetDependency section */
		D906363629D1B8B800FAFE6B /* PBXTargetDependency */ = {
			isa = PBXTargetDependency;
			target = D906362329D1B8B600FAFE6B /* MVVM */;
			targetProxy = D906363529D1B8B800FAFE6B /* PBXContainerItemProxy */;
		};
		D906364029D1B8B800FAFE6B /* PBXTargetDependency */ = {
			isa = PBXTargetDependency;
			target = D906362329D1B8B600FAFE6B /* MVVM */;
			targetProxy = D906363F29D1B8B800FAFE6B /* PBXContainerItemProxy */;
		};
/* End PBXTargetDependency section */

/* Begin XCBuildConfiguration section */
		D906364629D1B8B800FAFE6B /* Debug */ = {
			isa = XCBuildConfiguration;
			buildSettings = {
				ALWAYS_SEARCH_USER_PATHS = NO;
				CLANG_ANALYZER_NONNULL = YES;
				CLANG_ANALYZER_NUMBER_OBJECT_CONVERSION = YES_AGGRESSIVE;
				CLANG_CXX_LANGUAGE_STANDARD = "gnu++20";
				CLANG_ENABLE_MODULES = YES;
				CLANG_ENABLE_OBJC_ARC = YES;
				CLANG_ENABLE_OBJC_WEAK = YES;
				CLANG_WARN_BLOCK_CAPTURE_AUTORELEASING = YES;
				CLANG_WARN_BOOL_CONVERSION = YES;
				CLANG_WARN_COMMA = YES;
				CLANG_WARN_CONSTANT_CONVERSION = YES;
				CLANG_WARN_DEPRECATED_OBJC_IMPLEMENTATIONS = YES;
				CLANG_WARN_DIRECT_OBJC_ISA_USAGE = YES_ERROR;
				CLANG_WARN_DOCUMENTATION_COMMENTS = YES;
				CLANG_WARN_EMPTY_BODY = YES;
				CLANG_WARN_ENUM_CONVERSION = YES;
				CLANG_WARN_INFINITE_RECURSION = YES;
				CLANG_WARN_INT_CONVERSION = YES;
				CLANG_WARN_NON_LITERAL_NULL_CONVERSION = YES;
				CLANG_WARN_OBJC_IMPLICIT_RETAIN_SELF = YES;
				CLANG_WARN_OBJC_LITERAL_CONVERSION = YES;
				CLANG_WARN_OBJC_ROOT_CLASS = YES_ERROR;
				CLANG_WARN_QUOTED_INCLUDE_IN_FRAMEWORK_HEADER = YES;
				CLANG_WARN_RANGE_LOOP_ANALYSIS = YES;
				CLANG_WARN_STRICT_PROTOTYPES = YES;
				CLANG_WARN_SUSPICIOUS_MOVE = YES;
				CLANG_WARN_UNGUARDED_AVAILABILITY = YES_AGGRESSIVE;
				CLANG_WARN_UNREACHABLE_CODE = YES;
				CLANG_WARN__DUPLICATE_METHOD_MATCH = YES;
				COPY_PHASE_STRIP = NO;
				DEBUG_INFORMATION_FORMAT = dwarf;
				ENABLE_STRICT_OBJC_MSGSEND = YES;
				ENABLE_TESTABILITY = YES;
				GCC_C_LANGUAGE_STANDARD = gnu11;
				GCC_DYNAMIC_NO_PIC = NO;
				GCC_NO_COMMON_BLOCKS = YES;
				GCC_OPTIMIZATION_LEVEL = 0;
				GCC_PREPROCESSOR_DEFINITIONS = (
					"DEBUG=1",
					"$(inherited)",
				);
				GCC_WARN_64_TO_32_BIT_CONVERSION = YES;
				GCC_WARN_ABOUT_RETURN_TYPE = YES_ERROR;
				GCC_WARN_UNDECLARED_SELECTOR = YES;
				GCC_WARN_UNINITIALIZED_AUTOS = YES_AGGRESSIVE;
				GCC_WARN_UNUSED_FUNCTION = YES;
				GCC_WARN_UNUSED_VARIABLE = YES;
				IPHONEOS_DEPLOYMENT_TARGET = 16.2;
				MTL_ENABLE_DEBUG_INFO = INCLUDE_SOURCE;
				MTL_FAST_MATH = YES;
				ONLY_ACTIVE_ARCH = YES;
				SDKROOT = iphoneos;
				SWIFT_ACTIVE_COMPILATION_CONDITIONS = DEBUG;
				SWIFT_OPTIMIZATION_LEVEL = "-Onone";
			};
			name = Debug;
		};
		D906364729D1B8B800FAFE6B /* Release */ = {
			isa = XCBuildConfiguration;
			buildSettings = {
				ALWAYS_SEARCH_USER_PATHS = NO;
				CLANG_ANALYZER_NONNULL = YES;
				CLANG_ANALYZER_NUMBER_OBJECT_CONVERSION = YES_AGGRESSIVE;
				CLANG_CXX_LANGUAGE_STANDARD = "gnu++20";
				CLANG_ENABLE_MODULES = YES;
				CLANG_ENABLE_OBJC_ARC = YES;
				CLANG_ENABLE_OBJC_WEAK = YES;
				CLANG_WARN_BLOCK_CAPTURE_AUTORELEASING = YES;
				CLANG_WARN_BOOL_CONVERSION = YES;
				CLANG_WARN_COMMA = YES;
				CLANG_WARN_CONSTANT_CONVERSION = YES;
				CLANG_WARN_DEPRECATED_OBJC_IMPLEMENTATIONS = YES;
				CLANG_WARN_DIRECT_OBJC_ISA_USAGE = YES_ERROR;
				CLANG_WARN_DOCUMENTATION_COMMENTS = YES;
				CLANG_WARN_EMPTY_BODY = YES;
				CLANG_WARN_ENUM_CONVERSION = YES;
				CLANG_WARN_INFINITE_RECURSION = YES;
				CLANG_WARN_INT_CONVERSION = YES;
				CLANG_WARN_NON_LITERAL_NULL_CONVERSION = YES;
				CLANG_WARN_OBJC_IMPLICIT_RETAIN_SELF = YES;
				CLANG_WARN_OBJC_LITERAL_CONVERSION = YES;
				CLANG_WARN_OBJC_ROOT_CLASS = YES_ERROR;
				CLANG_WARN_QUOTED_INCLUDE_IN_FRAMEWORK_HEADER = YES;
				CLANG_WARN_RANGE_LOOP_ANALYSIS = YES;
				CLANG_WARN_STRICT_PROTOTYPES = YES;
				CLANG_WARN_SUSPICIOUS_MOVE = YES;
				CLANG_WARN_UNGUARDED_AVAILABILITY = YES_AGGRESSIVE;
				CLANG_WARN_UNREACHABLE_CODE = YES;
				CLANG_WARN__DUPLICATE_METHOD_MATCH = YES;
				COPY_PHASE_STRIP = NO;
				DEBUG_INFORMATION_FORMAT = "dwarf-with-dsym";
				ENABLE_NS_ASSERTIONS = NO;
				ENABLE_STRICT_OBJC_MSGSEND = YES;
				GCC_C_LANGUAGE_STANDARD = gnu11;
				GCC_NO_COMMON_BLOCKS = YES;
				GCC_WARN_64_TO_32_BIT_CONVERSION = YES;
				GCC_WARN_ABOUT_RETURN_TYPE = YES_ERROR;
				GCC_WARN_UNDECLARED_SELECTOR = YES;
				GCC_WARN_UNINITIALIZED_AUTOS = YES_AGGRESSIVE;
				GCC_WARN_UNUSED_FUNCTION = YES;
				GCC_WARN_UNUSED_VARIABLE = YES;
				IPHONEOS_DEPLOYMENT_TARGET = 16.2;
				MTL_ENABLE_DEBUG_INFO = NO;
				MTL_FAST_MATH = YES;
				SDKROOT = iphoneos;
				SWIFT_COMPILATION_MODE = wholemodule;
				SWIFT_OPTIMIZATION_LEVEL = "-O";
				VALIDATE_PRODUCT = YES;
			};
			name = Release;
		};
		D906364929D1B8B800FAFE6B /* Debug */ = {
			isa = XCBuildConfiguration;
			buildSettings = {
				ASSETCATALOG_COMPILER_APPICON_NAME = AppIcon;
				ASSETCATALOG_COMPILER_GLOBAL_ACCENT_COLOR_NAME = AccentColor;
				CODE_SIGN_STYLE = Automatic;
				CURRENT_PROJECT_VERSION = 1;
				DEVELOPMENT_ASSET_PATHS = "\"MVVM/Preview Content\"";
				DEVELOPMENT_TEAM = MG8DTPV84D;
				ENABLE_PREVIEWS = YES;
				GENERATE_INFOPLIST_FILE = YES;
				INFOPLIST_KEY_UIApplicationSceneManifest_Generation = YES;
				INFOPLIST_KEY_UIApplicationSupportsIndirectInputEvents = YES;
				INFOPLIST_KEY_UILaunchScreen_Generation = YES;
				INFOPLIST_KEY_UISupportedInterfaceOrientations_iPad = "UIInterfaceOrientationPortrait UIInterfaceOrientationPortraitUpsideDown UIInterfaceOrientationLandscapeLeft UIInterfaceOrientationLandscapeRight";
				INFOPLIST_KEY_UISupportedInterfaceOrientations_iPhone = "UIInterfaceOrientationPortrait UIInterfaceOrientationLandscapeLeft UIInterfaceOrientationLandscapeRight";
				LD_RUNPATH_SEARCH_PATHS = (
					"$(inherited)",
					"@executable_path/Frameworks",
				);
				MARKETING_VERSION = 1.0;
				PRODUCT_BUNDLE_IDENTIFIER = ThibaultGodefroy.MVVM;
				PRODUCT_NAME = "$(TARGET_NAME)";
				SWIFT_EMIT_LOC_STRINGS = YES;
				SWIFT_VERSION = 5.0;
				TARGETED_DEVICE_FAMILY = "1,2";
			};
			name = Debug;
		};
		D906364A29D1B8B800FAFE6B /* Release */ = {
			isa = XCBuildConfiguration;
			buildSettings = {
				ASSETCATALOG_COMPILER_APPICON_NAME = AppIcon;
				ASSETCATALOG_COMPILER_GLOBAL_ACCENT_COLOR_NAME = AccentColor;
				CODE_SIGN_STYLE = Automatic;
				CURRENT_PROJECT_VERSION = 1;
				DEVELOPMENT_ASSET_PATHS = "\"MVVM/Preview Content\"";
				DEVELOPMENT_TEAM = MG8DTPV84D;
				ENABLE_PREVIEWS = YES;
				GENERATE_INFOPLIST_FILE = YES;
				INFOPLIST_KEY_UIApplicationSceneManifest_Generation = YES;
				INFOPLIST_KEY_UIApplicationSupportsIndirectInputEvents = YES;
				INFOPLIST_KEY_UILaunchScreen_Generation = YES;
				INFOPLIST_KEY_UISupportedInterfaceOrientations_iPad = "UIInterfaceOrientationPortrait UIInterfaceOrientationPortraitUpsideDown UIInterfaceOrientationLandscapeLeft UIInterfaceOrientationLandscapeRight";
				INFOPLIST_KEY_UISupportedInterfaceOrientations_iPhone = "UIInterfaceOrientationPortrait UIInterfaceOrientationLandscapeLeft UIInterfaceOrientationLandscapeRight";
				LD_RUNPATH_SEARCH_PATHS = (
					"$(inherited)",
					"@executable_path/Frameworks",
				);
				MARKETING_VERSION = 1.0;
				PRODUCT_BUNDLE_IDENTIFIER = ThibaultGodefroy.MVVM;
				PRODUCT_NAME = "$(TARGET_NAME)";
				SWIFT_EMIT_LOC_STRINGS = YES;
				SWIFT_VERSION = 5.0;
				TARGETED_DEVICE_FAMILY = "1,2";
			};
			name = Release;
		};
		D906364C29D1B8B800FAFE6B /* Debug */ = {
			isa = XCBuildConfiguration;
			buildSettings = {
				ALWAYS_EMBED_SWIFT_STANDARD_LIBRARIES = YES;
				BUNDLE_LOADER = "$(TEST_HOST)";
				CODE_SIGN_STYLE = Automatic;
				CURRENT_PROJECT_VERSION = 1;
				DEVELOPMENT_TEAM = MG8DTPV84D;
				GENERATE_INFOPLIST_FILE = YES;
				IPHONEOS_DEPLOYMENT_TARGET = 16.2;
				MARKETING_VERSION = 1.0;
				PRODUCT_BUNDLE_IDENTIFIER = ThibaultGodefroy.MVVMTests;
				PRODUCT_NAME = "$(TARGET_NAME)";
				SWIFT_EMIT_LOC_STRINGS = NO;
				SWIFT_VERSION = 5.0;
				TARGETED_DEVICE_FAMILY = "1,2";
				TEST_HOST = "$(BUILT_PRODUCTS_DIR)/MVVM.app/$(BUNDLE_EXECUTABLE_FOLDER_PATH)/MVVM";
			};
			name = Debug;
		};
		D906364D29D1B8B800FAFE6B /* Release */ = {
			isa = XCBuildConfiguration;
			buildSettings = {
				ALWAYS_EMBED_SWIFT_STANDARD_LIBRARIES = YES;
				BUNDLE_LOADER = "$(TEST_HOST)";
				CODE_SIGN_STYLE = Automatic;
				CURRENT_PROJECT_VERSION = 1;
				DEVELOPMENT_TEAM = MG8DTPV84D;
				GENERATE_INFOPLIST_FILE = YES;
				IPHONEOS_DEPLOYMENT_TARGET = 16.2;
				MARKETING_VERSION = 1.0;
				PRODUCT_BUNDLE_IDENTIFIER = ThibaultGodefroy.MVVMTests;
				PRODUCT_NAME = "$(TARGET_NAME)";
				SWIFT_EMIT_LOC_STRINGS = NO;
				SWIFT_VERSION = 5.0;
				TARGETED_DEVICE_FAMILY = "1,2";
				TEST_HOST = "$(BUILT_PRODUCTS_DIR)/MVVM.app/$(BUNDLE_EXECUTABLE_FOLDER_PATH)/MVVM";
			};
			name = Release;
		};
		D906364F29D1B8B800FAFE6B /* Debug */ = {
			isa = XCBuildConfiguration;
			buildSettings = {
				ALWAYS_EMBED_SWIFT_STANDARD_LIBRARIES = YES;
				CODE_SIGN_STYLE = Automatic;
				CURRENT_PROJECT_VERSION = 1;
				DEVELOPMENT_TEAM = MG8DTPV84D;
				GENERATE_INFOPLIST_FILE = YES;
				MARKETING_VERSION = 1.0;
				PRODUCT_BUNDLE_IDENTIFIER = ThibaultGodefroy.MVVMUITests;
				PRODUCT_NAME = "$(TARGET_NAME)";
				SWIFT_EMIT_LOC_STRINGS = NO;
				SWIFT_VERSION = 5.0;
				TARGETED_DEVICE_FAMILY = "1,2";
				TEST_TARGET_NAME = MVVM;
			};
			name = Debug;
		};
		D906365029D1B8B800FAFE6B /* Release */ = {
			isa = XCBuildConfiguration;
			buildSettings = {
				ALWAYS_EMBED_SWIFT_STANDARD_LIBRARIES = YES;
				CODE_SIGN_STYLE = Automatic;
				CURRENT_PROJECT_VERSION = 1;
				DEVELOPMENT_TEAM = MG8DTPV84D;
				GENERATE_INFOPLIST_FILE = YES;
				MARKETING_VERSION = 1.0;
				PRODUCT_BUNDLE_IDENTIFIER = ThibaultGodefroy.MVVMUITests;
				PRODUCT_NAME = "$(TARGET_NAME)";
				SWIFT_EMIT_LOC_STRINGS = NO;
				SWIFT_VERSION = 5.0;
				TARGETED_DEVICE_FAMILY = "1,2";
				TEST_TARGET_NAME = MVVM;
			};
			name = Release;
		};
/* End XCBuildConfiguration section */

/* Begin XCConfigurationList section */
		D906361F29D1B8B600FAFE6B /* Build configuration list for PBXProject "MVVM" */ = {
			isa = XCConfigurationList;
			buildConfigurations = (
				D906364629D1B8B800FAFE6B /* Debug */,
				D906364729D1B8B800FAFE6B /* Release */,
			);
			defaultConfigurationIsVisible = 0;
			defaultConfigurationName = Release;
		};
		D906364829D1B8B800FAFE6B /* Build configuration list for PBXNativeTarget "MVVM" */ = {
			isa = XCConfigurationList;
			buildConfigurations = (
				D906364929D1B8B800FAFE6B /* Debug */,
				D906364A29D1B8B800FAFE6B /* Release */,
			);
			defaultConfigurationIsVisible = 0;
			defaultConfigurationName = Release;
		};
		D906364B29D1B8B800FAFE6B /* Build configuration list for PBXNativeTarget "MVVMTests" */ = {
			isa = XCConfigurationList;
			buildConfigurations = (
				D906364C29D1B8B800FAFE6B /* Debug */,
				D906364D29D1B8B800FAFE6B /* Release */,
			);
			defaultConfigurationIsVisible = 0;
			defaultConfigurationName = Release;
		};
		D906364E29D1B8B800FAFE6B /* Build configuration list for PBXNativeTarget "MVVMUITests" */ = {
			isa = XCConfigurationList;
			buildConfigurations = (
				D906364F29D1B8B800FAFE6B /* Debug */,
				D906365029D1B8B800FAFE6B /* Release */,
			);
			defaultConfigurationIsVisible = 0;
			defaultConfigurationName = Release;
		};
/* End XCConfigurationList section */
	};
	rootObject = D906361C29D1B8B600FAFE6B /* Project object */;
}
